{
  "object": {
    "pins": [
      {
        "package": "SwiftGRPC",
        "repositoryURL": "https://github.com/bloombox/grpc-swift.git",
        "state": {
          "branch": "master",
          "revision": "5b23fe106db2a94c71cbdb963589e38e4299f837",
          "version": null
        }
      },
      {
        "package": "SwiftProtobuf",
        "repositoryURL": "https://github.com/apple/swift-protobuf.git",
        "state": {
          "branch": "master",
          "revision": "e779db5ee497627f33bcdfa684daf124273d6395",
          "version": null
        }
      },
      {
        "package": "zlib",
        "repositoryURL": "https://github.com/Zewo/zlib.git",
        "state": {
          "branch": null,
          "revision": "4967a680a4e8cfbf167332dee7f0ec1043fd3b04",
          "version": "0.4.0"
        }
      }
    ]
  },
  "version": 1
}
